
Microsoft Visual Studio Solution File, Format Version 12.00
# Visual Studio 15
VisualStudioVersion = 15.0.28307.329
MinimumVisualStudioVersion = 10.0.40219.1
Project("{FAE04EC0-301F-11D3-BF4B-00C04F79EFBC}") = "lb6(2)", "lb6(2)\lb6(2).csproj", "{2EDCE13F-86AE-409C-A9F0-14293B12CEB7}"
EndProject
Global
	GlobalSection(SolutionConfigurationPlatforms) = preSolution
		Debug|Any CPU = Debug|Any CPU
		Release|Any CPU = Release|Any CPU
	EndGlobalSection
	GlobalSection(ProjectConfigurationPlatforms) = postSolution
		{2EDCE13F-86AE-409C-A9F0-14293B12CEB7}.Debug|Any CPU.ActiveCfg = Debug|Any CPU
		{2EDCE13F-86AE-409C-A9F0-14293B12CEB7}.Debug|Any CPU.Build.0 = Debug|Any CPU
		{2EDCE13F-86AE-409C-A9F0-14293B12CEB7}.Release|Any CPU.ActiveCfg = Release|Any CPU
		{2EDCE13F-86AE-409C-A9F0-14293B12CEB7}.Release|Any CPU.Build.0 = Release|Any CPU
	EndGlobalSection
	GlobalSection(SolutionProperties) = preSolution
		HideSolutionNode = FALSE
	EndGlobalSection
	GlobalSection(ExtensibilityGlobals) = postSolution
		SolutionGuid = {1DBC0F72-70BE-4331-9B51-92E93313298B}
	EndGlobalSection
EndGlobal
